// !$*UTF8*$!
{
	archiveVersion = 1;
	classes = {
	};
	objectVersion = 46;
	objects = {

/* Begin PBXBuildFile section */
		DAED34E413EA983900646591 /* UIKit.framework in Frameworks */ = {isa = PBXBuildFile; fileRef = DAED34E313EA983900646591 /* UIKit.framework */; };
		DAED34E613EA983900646591 /* Foundation.framework in Frameworks */ = {isa = PBXBuildFile; fileRef = DAED34E513EA983900646591 /* Foundation.framework */; };
		DAED34E813EA983900646591 /* CoreGraphics.framework in Frameworks */ = {isa = PBXBuildFile; fileRef = DAED34E713EA983900646591 /* CoreGraphics.framework */; };
		DAED351D13EADE8D00646591 /* AppDelegate.m in Sources */ = {isa = PBXBuildFile; fileRef = DAED351613EADE8D00646591 /* AppDelegate.m */; };
		DAED351E13EADE8D00646591 /* main.m in Sources */ = {isa = PBXBuildFile; fileRef = DAED351713EADE8D00646591 /* main.m */; };
		DAED352013EADE8D00646591 /* ScrollToRowViewController.m in Sources */ = {isa = PBXBuildFile; fileRef = DAED351B13EADE8D00646591 /* ScrollToRowViewController.m */; };
		DAED352113EADE8D00646591 /* ScrollToRowViewController.xib in Resources */ = {isa = PBXBuildFile; fileRef = DAED351C13EADE8D00646591 /* ScrollToRowViewController.xib */; };
/* End PBXBuildFile section */

/* Begin PBXFileReference section */
		DAED34DF13EA983900646591 /* ScrollToRow.app */ = {isa = PBXFileReference; explicitFileType = wrapper.application; includeInIndex = 0; path = ScrollToRow.app; sourceTree = BUILT_PRODUCTS_DIR; };
		DAED34E313EA983900646591 /* UIKit.framework */ = {isa = PBXFileReference; lastKnownFileType = wrapper.framework; name = UIKit.framework; path = System/Library/Frameworks/UIKit.framework; sourceTree = SDKROOT; };
		DAED34E513EA983900646591 /* Foundation.framework */ = {isa = PBXFileReference; lastKnownFileType = wrapper.framework; name = Foundation.framework; path = System/Library/Frameworks/Foundation.framework; sourceTree = SDKROOT; };
		DAED34E713EA983900646591 /* CoreGraphics.framework */ = {isa = PBXFileReference; lastKnownFileType = wrapper.framework; name = CoreGraphics.framework; path = System/Library/Frameworks/CoreGraphics.framework; sourceTree = SDKROOT; };
		DAED351513EADE8D00646591 /* AppDelegate.h */ = {isa = PBXFileReference; fileEncoding = 4; lastKnownFileType = sourcecode.c.h; path = AppDelegate.h; sourceTree = "<group>"; };
		DAED351613EADE8D00646591 /* AppDelegate.m */ = {isa = PBXFileReference; fileEncoding = 4; lastKnownFileType = sourcecode.c.objc; path = AppDelegate.m; sourceTree = "<group>"; };
		DAED351713EADE8D00646591 /* main.m */ = {isa = PBXFileReference; fileEncoding = 4; lastKnownFileType = sourcecode.c.objc; path = main.m; sourceTree = "<group>"; };
		DAED351813EADE8D00646591 /* ScrollToRow-Info.plist */ = {isa = PBXFileReference; fileEncoding = 4; lastKnownFileType = text.plist.xml; path = "ScrollToRow-Info.plist"; sourceTree = "<group>"; };
		DAED351913EADE8D00646591 /* ScrollToRow-Prefix.pch */ = {isa = PBXFileReference; fileEncoding = 4; lastKnownFileType = sourcecode.c.h; path = "ScrollToRow-Prefix.pch"; sourceTree = "<group>"; };
		DAED351A13EADE8D00646591 /* ScrollToRowViewController.h */ = {isa = PBXFileReference; fileEncoding = 4; lastKnownFileType = sourcecode.c.h; path = ScrollToRowViewController.h; sourceTree = "<group>"; };
		DAED351B13EADE8D00646591 /* ScrollToRowViewController.m */ = {isa = PBXFileReference; fileEncoding = 4; lastKnownFileType = sourcecode.c.objc; path = ScrollToRowViewController.m; sourceTree = "<group>"; };
		DAED351C13EADE8D00646591 /* ScrollToRowViewController.xib */ = {isa = PBXFileReference; fileEncoding = 4; lastKnownFileType = file.xib; path = ScrollToRowViewController.xib; sourceTree = "<group>"; };
/* End PBXFileReference section */

/* Begin PBXFrameworksBuildPhase section */
		DAED34DC13EA983900646591 /* Frameworks */ = {
			isa = PBXFrameworksBuildPhase;
			buildActionMask = 2147483647;
			files = (
				DAED34E413EA983900646591 /* UIKit.framework in Frameworks */,
				DAED34E613EA983900646591 /* Foundation.framework in Frameworks */,
				DAED34E813EA983900646591 /* CoreGraphics.framework in Frameworks */,
			);
			runOnlyForDeploymentPostprocessing = 0;
		};
/* End PBXFrameworksBuildPhase section */

/* Begin PBXGroup section */
		DAED34D413EA983800646591 = {
			isa = PBXGroup;
			children = (
				DAED351513EADE8D00646591 /* AppDelegate.h */,
				DAED351613EADE8D00646591 /* AppDelegate.m */,
				DAED351A13EADE8D00646591 /* ScrollToRowViewController.h */,
				DAED351B13EADE8D00646591 /* ScrollToRowViewController.m */,
				DAED351C13EADE8D00646591 /* ScrollToRowViewController.xib */,
				DAED351713EADE8D00646591 /* main.m */,
				DAED351813EADE8D00646591 /* ScrollToRow-Info.plist */,
				DAED351913EADE8D00646591 /* ScrollToRow-Prefix.pch */,
				DAED34E213EA983900646591 /* Frameworks */,
				DAED34E013EA983900646591 /* Products */,
			);
			sourceTree = "<group>";
		};
		DAED34E013EA983900646591 /* Products */ = {
			isa = PBXGroup;
			children = (
				DAED34DF13EA983900646591 /* ScrollToRow.app */,
			);
			name = Products;
			sourceTree = "<group>";
		};
		DAED34E213EA983900646591 /* Frameworks */ = {
			isa = PBXGroup;
			children = (
				DAED34E313EA983900646591 /* UIKit.framework */,
				DAED34E513EA983900646591 /* Foundation.framework */,
				DAED34E713EA983900646591 /* CoreGraphics.framework */,
			);
			name = Frameworks;
			sourceTree = "<group>";
		};
/* End PBXGroup section */

/* Begin PBXNativeTarget section */
		DAED34DE13EA983900646591 /* ScrollToRow */ = {
			isa = PBXNativeTarget;
			buildConfigurationList = DAED34FD13EA983900646591 /* Build configuration list for PBXNativeTarget "ScrollToRow" */;
			buildPhases = (
				DAED34DB13EA983900646591 /* Sources */,
				DAED34DC13EA983900646591 /* Frameworks */,
				DAED34DD13EA983900646591 /* Resources */,
			);
			buildRules = (
			);
			dependencies = (
			);
			name = ScrollToRow;
			productName = ScrollToRow;
			productReference = DAED34DF13EA983900646591 /* ScrollToRow.app */;
			productType = "com.apple.product-type.application";
		};
/* End PBXNativeTarget section */

/* Begin PBXProject section */
		DAED34D613EA983800646591 /* Project object */ = {
			isa = PBXProject;
			attributes = {
				LastUpgradeCheck = 0420;
				ORGANIZATIONNAME = "";
			};
			buildConfigurationList = DAED34D913EA983800646591 /* Build configuration list for PBXProject "ScrollToRow" */;
			compatibilityVersion = "Xcode 3.2";
			developmentRegion = English;
			hasScannedForEncodings = 0;
			knownRegions = (
				en,
			);
			mainGroup = DAED34D413EA983800646591;
			productRefGroup = DAED34E013EA983900646591 /* Products */;
			projectDirPath = "";
			projectRoot = "";
			targets = (
				DAED34DE13EA983900646591 /* ScrollToRow */,
			);
		};
/* End PBXProject section */

/* Begin PBXResourcesBuildPhase section */
		DAED34DD13EA983900646591 /* Resources */ = {
			isa = PBXResourcesBuildPhase;
			buildActionMask = 2147483647;
			files = (
				DAED352113EADE8D00646591 /* ScrollToRowViewController.xib in Resources */,
			);
			runOnlyForDeploymentPostprocessing = 0;
		};
/* End PBXResourcesBuildPhase section */

/* Begin PBXSourcesBuildPhase section */
		DAED34DB13EA983900646591 /* Sources */ = {
			isa = PBXSourcesBuildPhase;
			buildActionMask = 2147483647;
			files = (
				DAED351D13EADE8D00646591 /* AppDelegate.m in Sources */,
				DAED351E13EADE8D00646591 /* main.m in Sources */,
				DAED352013EADE8D00646591 /* ScrollToRowViewController.m in Sources */,
			);
			runOnlyForDeploymentPostprocessing = 0;
		};
/* End PBXSourcesBuildPhase section */

/* Begin XCBuildConfiguration section */
		DAED34FB13EA983900646591 /* Debug */ = {
			isa = XCBuildConfiguration;
			buildSettings = {
				ALWAYS_SEARCH_USER_PATHS = NO;
				ARCHS = "$(ARCHS_STANDARD_32_BIT)";
				"CODE_SIGN_IDENTITY[sdk=iphoneos*]" = "iPhone Developer";
				COPY_PHASE_STRIP = NO;
				GCC_C_LANGUAGE_STANDARD = gnu99;
				GCC_DYNAMIC_NO_PIC = NO;
				GCC_OPTIMIZATION_LEVEL = 0;
				GCC_PREPROCESSOR_DEFINITIONS = (
					"DEBUG=1",
					"$(inherited)",
				);
				GCC_SYMBOLS_PRIVATE_EXTERN = NO;
				GCC_VERSION = com.apple.compilers.llvm.clang.1_0;
				GCC_WARN_ABOUT_MISSING_PROTOTYPES = YES;
				GCC_WARN_ABOUT_RETURN_TYPE = YES;
				GCC_WARN_UNUSED_VARIABLE = YES;
				IPHONEOS_DEPLOYMENT_TARGET = 4.0;
				SDKROOT = iphoneos;
			};
			name = Debug;
		};
		DAED34FC13EA983900646591 /* Release */ = {
			isa = XCBuildConfiguration;
			buildSettings = {
				ALWAYS_SEARCH_USER_PATHS = NO;
				ARCHS = "$(ARCHS_STANDARD_32_BIT)";
				"CODE_SIGN_IDENTITY[sdk=iphoneos*]" = "iPhone Developer";
				COPY_PHASE_STRIP = YES;
				GCC_C_LANGUAGE_STANDARD = gnu99;
				GCC_VERSION = com.apple.compilers.llvm.clang.1_0;
				GCC_WARN_ABOUT_MISSING_PROTOTYPES = YES;
				GCC_WARN_ABOUT_RETURN_TYPE = YES;
				GCC_WARN_UNUSED_VARIABLE = YES;
				IPHONEOS_DEPLOYMENT_TARGET = 4.0;
				OTHER_CFLAGS = "-DNS_BLOCK_ASSERTIONS=1";
				SDKROOT = iphoneos;
				VALIDATE_PRODUCT = YES;
			};
			name = Release;
		};
		DAED34FE13EA983900646591 /* Debug */ = {
			isa = XCBuildConfiguration;
			buildSettings = {
				GCC_PRECOMPILE_PREFIX_HEADER = YES;
				GCC_PREFIX_HEADER = "ScrollToRow-Prefix.pch";
				INFOPLIST_FILE = "ScrollToRow-Info.plist";
				PRODUCT_NAME = "$(TARGET_NAME)";
				WRAPPER_EXTENSION = app;
			};
			name = Debug;
		};
		DAED34FF13EA983900646591 /* Release */ = {
			isa = XCBuildConfiguration;
			buildSettings = {
				GCC_PRECOMPILE_PREFIX_HEADER = YES;
				GCC_PREFIX_HEADER = "ScrollToRow-Prefix.pch";
				INFOPLIST_FILE = "ScrollToRow-Info.plist";
				PRODUCT_NAME = "$(TARGET_NAME)";
				WRAPPER_EXTENSION = app;
			};
			name = Release;
		};
/* End XCBuildConfiguration section */

/* Begin XCConfigurationList section */
		DAED34D913EA983800646591 /* Build configuration list for PBXProject "ScrollToRow" */ = {
			isa = XCConfigurationList;
			buildConfigurations = (
				DAED34FB13EA983900646591 /* Debug */,
				DAED34FC13EA983900646591 /* Release */,
			);
			defaultConfigurationIsVisible = 0;
			defaultConfigurationName = Release;
		};
		DAED34FD13EA983900646591 /* Build configuration list for PBXNativeTarget "ScrollToRow" */ = {
			isa = XCConfigurationList;
			buildConfigurations = (
				DAED34FE13EA983900646591 /* Debug */,
				DAED34FF13EA983900646591 /* Release */,
			);
			defaultConfigurationIsVisible = 0;
			defaultConfigurationName = Release;
		};
/* End XCConfigurationList section */
	};
	rootObject = DAED34D613EA983800646591 /* Project object */;
}
